
Microsoft Visual Studio Solution File, Format Version 12.00
# Visual Studio Version 16
VisualStudioVersion = 16.0.32002.261
MinimumVisualStudioVersion = 10.0.40219.1
Project("{FAE04EC0-301F-11D3-BF4B-00C04F79EFBC}") = "TollCalculater", "TollCalculater.csproj", "{B3C92FE7-939E-4868-B731-2A52E14E9754}"
EndProject
Project("{FAE04EC0-301F-11D3-BF4B-00C04F79EFBC}") = "TollCalculater.Tests", "TollCalculater.Tests\TollCalculater.Tests.csproj", "{1483D41C-6B8E-4578-88D7-6535272AF54B}"
EndProject
Global
	GlobalSection(SolutionConfigurationPlatforms) = preSolution
		Debug|Any CPU = Debug|Any CPU
		Release|Any CPU = Release|Any CPU
	EndGlobalSection
	GlobalSection(ProjectConfigurationPlatforms) = postSolution
		{B3C92FE7-939E-4868-B731-2A52E14E9754}.Debug|Any CPU.ActiveCfg = Debug|Any CPU
		{B3C92FE7-939E-4868-B731-2A52E14E9754}.Debug|Any CPU.Build.0 = Debug|Any CPU
		{B3C92FE7-939E-4868-B731-2A52E14E9754}.Release|Any CPU.ActiveCfg = Release|Any CPU
		{B3C92FE7-939E-4868-B731-2A52E14E9754}.Release|Any CPU.Build.0 = Release|Any CPU
		{1483D41C-6B8E-4578-88D7-6535272AF54B}.Debug|Any CPU.ActiveCfg = Debug|Any CPU
		{1483D41C-6B8E-4578-88D7-6535272AF54B}.Debug|Any CPU.Build.0 = Debug|Any CPU
		{1483D41C-6B8E-4578-88D7-6535272AF54B}.Release|Any CPU.ActiveCfg = Release|Any CPU
		{1483D41C-6B8E-4578-88D7-6535272AF54B}.Release|Any CPU.Build.0 = Release|Any CPU
	EndGlobalSection
	GlobalSection(SolutionProperties) = preSolution
		HideSolutionNode = FALSE
	EndGlobalSection
	GlobalSection(ExtensibilityGlobals) = postSolution
		SolutionGuid = {ED8BFA9F-999F-477E-9FBB-E7BCCB4A068D}
	EndGlobalSection
EndGlobal
